{
  "name": "npm_host",
  "version": "1.0.0",
  "lockfileVersion": 1,
  "requires": true,
  "dependencies": {
    "wasm-interface-types": {
      "version": "0.1.3",
      "resolved": "https://registry.npmjs.org/wasm-interface-types/-/wasm-interface-types-0.1.3.tgz",
      "integrity": "sha512-Ck4wCxFA/uXypo02ioAUWYF9eozn5jUL/CTGY7rNC5raT/7Wc0n3jsQ9tSne7AjiCYSPH0vvTNkZWUnU3suCiA=="
    }
  }
}
